
Microsoft Visual Studio Solution File, Format Version 12.00
# Visual Studio Version 17
VisualStudioVersion = 17.11.35222.181
MinimumVisualStudioVersion = 10.0.40219.1
Project("{9A19103F-16F7-4668-BE54-9A1E7A4F7556}") = "TestLogIn", "TestLogIn\TestLogIn.csproj", "{E252E10B-4272-4438-A112-C54AA8F6ECD0}"
EndProject
Global
	GlobalSection(SolutionConfigurationPlatforms) = preSolution
		Debug|Any CPU = Debug|Any CPU
		Release|Any CPU = Release|Any CPU
	EndGlobalSection
	GlobalSection(ProjectConfigurationPlatforms) = postSolution
		{E252E10B-4272-4438-A112-C54AA8F6ECD0}.Debug|Any CPU.ActiveCfg = Debug|Any CPU
		{E252E10B-4272-4438-A112-C54AA8F6ECD0}.Debug|Any CPU.Build.0 = Debug|Any CPU
		{E252E10B-4272-4438-A112-C54AA8F6ECD0}.Release|Any CPU.ActiveCfg = Release|Any CPU
		{E252E10B-4272-4438-A112-C54AA8F6ECD0}.Release|Any CPU.Build.0 = Release|Any CPU
	EndGlobalSection
	GlobalSection(SolutionProperties) = preSolution
		HideSolutionNode = FALSE
	EndGlobalSection
	GlobalSection(ExtensibilityGlobals) = postSolution
		SolutionGuid = {7BAEA542-2F4C-4AC8-B83F-A2648A2F5EAA}
	EndGlobalSection
EndGlobal
